
Microsoft Visual Studio Solution File, Format Version 11.00
# Visual Studio 2010
Project("{FAE04EC0-301F-11D3-BF4B-00C04F79EFBC}") = "BCS", "BCS.csproj", "{9EFB728D-A408-418A-855B-C9492ACEF3AE}"
EndProject
Global
	GlobalSection(SourceCodeControl) = preSolution
		SccNumberOfProjects = 2
		SccLocalPath0 = .
		SccProjectUniqueName1 = BCS.csproj
		SccLocalPath1 = .
	EndGlobalSection
	GlobalSection(SolutionConfigurationPlatforms) = preSolution
		Debug|x86 = Debug|x86
		Release|x86 = Release|x86
	EndGlobalSection
	GlobalSection(ProjectConfigurationPlatforms) = postSolution
		{9EFB728D-A408-418A-855B-C9492ACEF3AE}.Debug|x86.ActiveCfg = Debug|x86
		{9EFB728D-A408-418A-855B-C9492ACEF3AE}.Debug|x86.Build.0 = Debug|x86
		{9EFB728D-A408-418A-855B-C9492ACEF3AE}.Release|x86.ActiveCfg = Release|x86
		{9EFB728D-A408-418A-855B-C9492ACEF3AE}.Release|x86.Build.0 = Release|x86
	EndGlobalSection
	GlobalSection(SolutionProperties) = preSolution
		HideSolutionNode = FALSE
	EndGlobalSection
EndGlobal
